# This file is automatically @generated by Cargo.
# It is not intended for manual editing.
version = 4

[[package]]
name = "parhelion-backend-headless"
version = "0.0.0"

[[package]]
name = "parhelion-core"
version = "0.0.0"

[[package]]
name = "parhelion-dialect"
version = "0.0.0"

[[package]]
name = "parhelion-harness"
version = "0.0.0"
